<?xml version="1.0" encoding="utf-8"?>
<Project ToolsVersion="4.0" xmlns="http://schemas.microsoft.com/developer/msbuild/2003">
  <ItemGroup>
    <Filter Include="Source Files">
      <UniqueIdentifier>{4FC737F1-C7A5-4376-A066-2A32D752A2FF}</UniqueIdentifier>
      <Extensions>cpp;c;cc;cxx;c++;cppm;ixx;def;odl;idl;hpj;bat;asm;asmx</Extensions>
    </Filter>
    <Filter Include="Header Files">
      <UniqueIdentifier>{93995380-89BD-4b04-88EB-625FBE52EBFB}</UniqueIdentifier>
      <Extensions>h;hh;hpp;hxx;h++;hm;inl;inc;ipp;xsd</Extensions>
    </Filter>
    <Filter Include="Resource Files">
      <UniqueIdentifier>{67DA6AB6-F800-4c08-8B7A-83BB121AAD01}</UniqueIdentifier>
      <Extensions>rc;ico;cur;bmp;dlg;rc2;rct;bin;rgs;gif;jpg;jpeg;jpe;resx;tiff;tif;png;wav;mfcribbon-ms</Extensions>
    </Filter>
    <Filter Include="Source Files\ch02">
      <UniqueIdentifier>{dd348edb-6eaa-4abe-895b-004c3161d391}</UniqueIdentifier>
    </Filter>
    <Filter Include="Header Files\ch02">
      <UniqueIdentifier>{542a75c1-cbd5-4017-afe9-3b759d1d74f9}</UniqueIdentifier>
    </Filter>
    <Filter Include="Header Files\_add">
      <UniqueIdentifier>{091bf094-b93e-4c4d-bc82-11c947e2763a}</UniqueIdentifier>
    </Filter>
    <Filter Include="Header Files\ch03">
      <UniqueIdentifier>{fafb90f6-516d-4484-a87a-c19c0308ae97}</UniqueIdentifier>
    </Filter>
    <Filter Include="Source Files\ch03">
      <UniqueIdentifier>{08e2c4da-d4be-4e11-9a6c-6d3193322c7e}</UniqueIdentifier>
    </Filter>
    <Filter Include="Header Files\ch04">
      <UniqueIdentifier>{ba5e54b6-bbc6-4c76-902a-26f5516d0b28}</UniqueIdentifier>
    </Filter>
    <Filter Include="Source Files\ch04">
      <UniqueIdentifier>{4380cb81-d4d3-4cb7-8afb-7c1104511088}</UniqueIdentifier>
    </Filter>
    <Filter Include="Source Files\ch05">
      <UniqueIdentifier>{37f350c2-0b18-435a-8f57-f6ba1ee7b232}</UniqueIdentifier>
    </Filter>
    <Filter Include="Header Files\ch05">
      <UniqueIdentifier>{53557711-1b74-42a2-b8e9-dd99a933b1e2}</UniqueIdentifier>
    </Filter>
    <Filter Include="Header Files\ch06">
      <UniqueIdentifier>{7c03d26c-90e7-46fd-ba53-8f12a86a8e6b}</UniqueIdentifier>
    </Filter>
    <Filter Include="Source Files\ch06">
      <UniqueIdentifier>{98f026cd-7bb4-4ede-9b30-ced1957915e8}</UniqueIdentifier>
    </Filter>
    <Filter Include="Header Files\ch07">
      <UniqueIdentifier>{df206508-8fa4-42c2-b221-1f1740ed8201}</UniqueIdentifier>
    </Filter>
    <Filter Include="Source Files\ch07">
      <UniqueIdentifier>{7cdd8d5a-4443-481d-9f8c-b848343e4e50}</UniqueIdentifier>
    </Filter>
    <Filter Include="Header Files\ch08">
      <UniqueIdentifier>{b39a2c7c-3cd3-4958-a7bf-cbccb622eba7}</UniqueIdentifier>
    </Filter>
    <Filter Include="Source Files\ch08">
      <UniqueIdentifier>{59f98b9a-3ee0-42d7-a8be-a293e991880d}</UniqueIdentifier>
    </Filter>
  </ItemGroup>
  <ItemGroup>
    <ClCompile Include="main.cpp">
      <Filter>Source Files</Filter>
    </ClCompile>
    <ClCompile Include="ch02\ch02.cpp">
      <Filter>Source Files\ch02</Filter>
    </ClCompile>
    <ClCompile Include="ch03\ch03.cpp">
      <Filter>Source Files\ch03</Filter>
    </ClCompile>
    <ClCompile Include="ch04\ch04_excercise.cpp">
      <Filter>Source Files\ch04</Filter>
    </ClCompile>
    <ClCompile Include="ch04\ch04_drill.cpp">
      <Filter>Source Files\ch04</Filter>
    </ClCompile>
    <ClCompile Include="ch04\ch04_example.cpp">
      <Filter>Source Files\ch04</Filter>
    </ClCompile>
    <ClCompile Include="ch05\ch05_drill.cpp">
      <Filter>Source Files\ch05</Filter>
    </ClCompile>
    <ClCompile Include="ch05\ch05_excercise.cpp">
      <Filter>Source Files\ch05</Filter>
    </ClCompile>
    <ClCompile Include="ch05\ch05_sample.cpp">
      <Filter>Source Files\ch05</Filter>
    </ClCompile>
    <ClCompile Include="ch06\ch06_sample.cpp">
      <Filter>Source Files\ch06</Filter>
    </ClCompile>
    <ClCompile Include="ch06\ch06_excercise.cpp">
      <Filter>Source Files\ch06</Filter>
    </ClCompile>
    <ClCompile Include="ch06\ch06_drill.cpp">
      <Filter>Source Files\ch06</Filter>
    </ClCompile>
    <ClCompile Include="ch07\_7_drill.cpp">
      <Filter>Source Files\ch07</Filter>
    </ClCompile>
    <ClCompile Include="ch08\ch08_drill.cpp">
      <Filter>Source Files\ch08</Filter>
    </ClCompile>
    <ClCompile Include="ch08\ch08_excercise.cpp">
      <Filter>Source Files\ch08</Filter>
    </ClCompile>
    <ClCompile Include="ch08\ch08_sample.cpp">
      <Filter>Source Files\ch08</Filter>
    </ClCompile>
    <ClCompile Include="ch08\chronos.cpp">
      <Filter>Source Files\ch08</Filter>
    </ClCompile>
    <ClCompile Include="ch08\my.cpp">
      <Filter>Source Files\ch08</Filter>
    </ClCompile>
  </ItemGroup>
  <ItemGroup>
    <ClInclude Include="main.h">
      <Filter>Header Files</Filter>
    </ClInclude>
    <ClInclude Include="_add\std_lib_facilities.h">
      <Filter>Header Files\_add</Filter>
    </ClInclude>
    <ClInclude Include="ch03\ch03.h">
      <Filter>Header Files\ch03</Filter>
    </ClInclude>
    <ClInclude Include="ch02\ch02.h">
      <Filter>Header Files\ch02</Filter>
    </ClInclude>
    <ClInclude Include="ch04\ch04.h">
      <Filter>Header Files\ch04</Filter>
    </ClInclude>
    <ClInclude Include="ch05\ch05.h">
      <Filter>Header Files\ch05</Filter>
    </ClInclude>
    <ClInclude Include="ch06\_6_programming.h">
      <Filter>Header Files\ch06</Filter>
    </ClInclude>
    <ClInclude Include="ch06\calculator_6_.h">
      <Filter>Header Files\ch06</Filter>
    </ClInclude>
    <ClInclude Include="ch06\ch06.h">
      <Filter>Header Files\ch06</Filter>
    </ClInclude>
    <ClInclude Include="ch07\ch07.h">
      <Filter>Header Files\ch07</Filter>
    </ClInclude>
    <ClInclude Include="ch08\ch08.h">
      <Filter>Header Files\ch08</Filter>
    </ClInclude>
    <ClInclude Include="ch08\chronos.h">
      <Filter>Header Files\ch08</Filter>
    </ClInclude>
    <ClInclude Include="ch08\my.h">
      <Filter>Header Files\ch08</Filter>
    </ClInclude>
  </ItemGroup>
  <ItemGroup>
    <ResourceCompile Include="PPandPUCpp_Lecture.rc">
      <Filter>Resource Files</Filter>
    </ResourceCompile>
  </ItemGroup>
</Project>